
Microsoft Visual Studio Solution File, Format Version 12.00
# Visual Studio Version 17
VisualStudioVersion = 17.6.33723.286
MinimumVisualStudioVersion = 10.0.40219.1
Project("{9A19103F-16F7-4668-BE54-9A1E7A4F7556}") = "CoreDemo", "CoreDemo\CoreDemo.csproj", "{0EB94D92-91BD-4C88-A270-96D922731CE3}"
EndProject
Project("{9A19103F-16F7-4668-BE54-9A1E7A4F7556}") = "EntityLayer", "EntityLayer\EntityLayer.csproj", "{25342D95-D568-452E-8BAC-FECDDEA33B17}"
EndProject
Project("{9A19103F-16F7-4668-BE54-9A1E7A4F7556}") = "DataAccessLayer", "DataAccessLayer\DataAccessLayer.csproj", "{19F546C2-D6C9-4C45-859D-CD340B1C6111}"
EndProject
Project("{9A19103F-16F7-4668-BE54-9A1E7A4F7556}") = "BusinessLayer", "BusinessLayer\BusinessLayer.csproj", "{4141E49E-3C65-4233-B552-C9FA669A0459}"
EndProject
Project("{9A19103F-16F7-4668-BE54-9A1E7A4F7556}") = "CoreLayer", "CoreLayer\CoreLayer.csproj", "{724EBF37-5A95-4AAD-95A5-6D77B7CC7749}"
EndProject
Project("{FAE04EC0-301F-11D3-BF4B-00C04F79EFBC}") = "BlogApiDemo", "BlogApiDemo\BlogApiDemo.csproj", "{21CFBE14-7D29-4186-B0DA-0352E3AF502E}"
EndProject
Global
	GlobalSection(SolutionConfigurationPlatforms) = preSolution
		Debug|Any CPU = Debug|Any CPU
		Release|Any CPU = Release|Any CPU
	EndGlobalSection
	GlobalSection(ProjectConfigurationPlatforms) = postSolution
		{0EB94D92-91BD-4C88-A270-96D922731CE3}.Debug|Any CPU.ActiveCfg = Debug|Any CPU
		{0EB94D92-91BD-4C88-A270-96D922731CE3}.Debug|Any CPU.Build.0 = Debug|Any CPU
		{0EB94D92-91BD-4C88-A270-96D922731CE3}.Release|Any CPU.ActiveCfg = Release|Any CPU
		{0EB94D92-91BD-4C88-A270-96D922731CE3}.Release|Any CPU.Build.0 = Release|Any CPU
		{25342D95-D568-452E-8BAC-FECDDEA33B17}.Debug|Any CPU.ActiveCfg = Debug|Any CPU
		{25342D95-D568-452E-8BAC-FECDDEA33B17}.Debug|Any CPU.Build.0 = Debug|Any CPU
		{25342D95-D568-452E-8BAC-FECDDEA33B17}.Release|Any CPU.ActiveCfg = Release|Any CPU
		{25342D95-D568-452E-8BAC-FECDDEA33B17}.Release|Any CPU.Build.0 = Release|Any CPU
		{19F546C2-D6C9-4C45-859D-CD340B1C6111}.Debug|Any CPU.ActiveCfg = Debug|Any CPU
		{19F546C2-D6C9-4C45-859D-CD340B1C6111}.Debug|Any CPU.Build.0 = Debug|Any CPU
		{19F546C2-D6C9-4C45-859D-CD340B1C6111}.Release|Any CPU.ActiveCfg = Release|Any CPU
		{19F546C2-D6C9-4C45-859D-CD340B1C6111}.Release|Any CPU.Build.0 = Release|Any CPU
		{4141E49E-3C65-4233-B552-C9FA669A0459}.Debug|Any CPU.ActiveCfg = Debug|Any CPU
		{4141E49E-3C65-4233-B552-C9FA669A0459}.Debug|Any CPU.Build.0 = Debug|Any CPU
		{4141E49E-3C65-4233-B552-C9FA669A0459}.Release|Any CPU.ActiveCfg = Release|Any CPU
		{4141E49E-3C65-4233-B552-C9FA669A0459}.Release|Any CPU.Build.0 = Release|Any CPU
		{724EBF37-5A95-4AAD-95A5-6D77B7CC7749}.Debug|Any CPU.ActiveCfg = Debug|Any CPU
		{724EBF37-5A95-4AAD-95A5-6D77B7CC7749}.Debug|Any CPU.Build.0 = Debug|Any CPU
		{724EBF37-5A95-4AAD-95A5-6D77B7CC7749}.Release|Any CPU.ActiveCfg = Release|Any CPU
		{724EBF37-5A95-4AAD-95A5-6D77B7CC7749}.Release|Any CPU.Build.0 = Release|Any CPU
		{21CFBE14-7D29-4186-B0DA-0352E3AF502E}.Debug|Any CPU.ActiveCfg = Debug|Any CPU
		{21CFBE14-7D29-4186-B0DA-0352E3AF502E}.Debug|Any CPU.Build.0 = Debug|Any CPU
		{21CFBE14-7D29-4186-B0DA-0352E3AF502E}.Release|Any CPU.ActiveCfg = Release|Any CPU
		{21CFBE14-7D29-4186-B0DA-0352E3AF502E}.Release|Any CPU.Build.0 = Release|Any CPU
	EndGlobalSection
	GlobalSection(SolutionProperties) = preSolution
		HideSolutionNode = FALSE
	EndGlobalSection
	GlobalSection(ExtensibilityGlobals) = postSolution
		SolutionGuid = {ECC1CF85-A77D-46F0-AEC9-46BB2994F81E}
	EndGlobalSection
EndGlobal
